// !$*UTF8*$!
{
	archiveVersion = 1;
	classes = {
	};
	objectVersion = 56;
	objects = {

/* Begin PBXBuildFile section */
		7A8A265E2D60297E00A23968 /* Starcar_TransmitterApp.swift in Sources */ = {isa = PBXBuildFile; fileRef = 7A8A265D2D60297E00A23968 /* Starcar_TransmitterApp.swift */; };
		7A8A26602D60297E00A23968 /* ContentView.swift in Sources */ = {isa = PBXBuildFile; fileRef = 7A8A265F2D60297E00A23968 /* ContentView.swift */; };
		7A8A26622D60297F00A23968 /* Assets.xcassets in Resources */ = {isa = PBXBuildFile; fileRef = 7A8A26612D60297F00A23968 /* Assets.xcassets */; };
		7A8A26662D60297F00A23968 /* Preview Assets.xcassets in Resources */ = {isa = PBXBuildFile; fileRef = 7A8A26652D60297F00A23968 /* Preview Assets.xcassets */; };
		7A8A26702D60297F00A23968 /* Starcar_TransmitterTests.swift in Sources */ = {isa = PBXBuildFile; fileRef = 7A8A266F2D60297F00A23968 /* Starcar_TransmitterTests.swift */; };
		7A8A267A2D60297F00A23968 /* Starcar_TransmitterUITests.swift in Sources */ = {isa = PBXBuildFile; fileRef = 7A8A26792D60297F00A23968 /* Starcar_TransmitterUITests.swift */; };
		7A8A267C2D60297F00A23968 /* Starcar_TransmitterUITestsLaunchTests.swift in Sources */ = {isa = PBXBuildFile; fileRef = 7A8A267B2D60297F00A23968 /* Starcar_TransmitterUITestsLaunchTests.swift */; };
/* End PBXBuildFile section */

/* Begin PBXContainerItemProxy section */
		7A8A266C2D60297F00A23968 /* PBXContainerItemProxy */ = {
			isa = PBXContainerItemProxy;
			containerPortal = 7A8A26522D60297E00A23968 /* Project object */;
			proxyType = 1;
			remoteGlobalIDString = 7A8A26592D60297E00A23968;
			remoteInfo = "Starcar Transmitter";
		};
		7A8A26762D60297F00A23968 /* PBXContainerItemProxy */ = {
			isa = PBXContainerItemProxy;
			containerPortal = 7A8A26522D60297E00A23968 /* Project object */;
			proxyType = 1;
			remoteGlobalIDString = 7A8A26592D60297E00A23968;
			remoteInfo = "Starcar Transmitter";
		};
/* End PBXContainerItemProxy section */

/* Begin PBXFileReference section */
		7A8A265A2D60297E00A23968 /* Starcar Transmitter.app */ = {isa = PBXFileReference; explicitFileType = wrapper.application; includeInIndex = 0; path = "Starcar Transmitter.app"; sourceTree = BUILT_PRODUCTS_DIR; };
		7A8A265D2D60297E00A23968 /* Starcar_TransmitterApp.swift */ = {isa = PBXFileReference; lastKnownFileType = sourcecode.swift; path = Starcar_TransmitterApp.swift; sourceTree = "<group>"; };
		7A8A265F2D60297E00A23968 /* ContentView.swift */ = {isa = PBXFileReference; lastKnownFileType = sourcecode.swift; path = ContentView.swift; sourceTree = "<group>"; };
		7A8A26612D60297F00A23968 /* Assets.xcassets */ = {isa = PBXFileReference; lastKnownFileType = folder.assetcatalog; path = Assets.xcassets; sourceTree = "<group>"; };
		7A8A26632D60297F00A23968 /* Starcar_Transmitter.entitlements */ = {isa = PBXFileReference; lastKnownFileType = text.plist.entitlements; path = Starcar_Transmitter.entitlements; sourceTree = "<group>"; };
		7A8A26652D60297F00A23968 /* Preview Assets.xcassets */ = {isa = PBXFileReference; lastKnownFileType = folder.assetcatalog; path = "Preview Assets.xcassets"; sourceTree = "<group>"; };
		7A8A266B2D60297F00A23968 /* Starcar TransmitterTests.xctest */ = {isa = PBXFileReference; explicitFileType = wrapper.cfbundle; includeInIndex = 0; path = "Starcar TransmitterTests.xctest"; sourceTree = BUILT_PRODUCTS_DIR; };
		7A8A266F2D60297F00A23968 /* Starcar_TransmitterTests.swift */ = {isa = PBXFileReference; lastKnownFileType = sourcecode.swift; path = Starcar_TransmitterTests.swift; sourceTree = "<group>"; };
		7A8A26752D60297F00A23968 /* Starcar TransmitterUITests.xctest */ = {isa = PBXFileReference; explicitFileType = wrapper.cfbundle; includeInIndex = 0; path = "Starcar TransmitterUITests.xctest"; sourceTree = BUILT_PRODUCTS_DIR; };
		7A8A26792D60297F00A23968 /* Starcar_TransmitterUITests.swift */ = {isa = PBXFileReference; lastKnownFileType = sourcecode.swift; path = Starcar_TransmitterUITests.swift; sourceTree = "<group>"; };
		7A8A267B2D60297F00A23968 /* Starcar_TransmitterUITestsLaunchTests.swift */ = {isa = PBXFileReference; lastKnownFileType = sourcecode.swift; path = Starcar_TransmitterUITestsLaunchTests.swift; sourceTree = "<group>"; };
/* End PBXFileReference section */

/* Begin PBXFrameworksBuildPhase section */
		7A8A26572D60297E00A23968 /* Frameworks */ = {
			isa = PBXFrameworksBuildPhase;
			buildActionMask = 2147483647;
			files = (
			);
			runOnlyForDeploymentPostprocessing = 0;
		};
		7A8A26682D60297F00A23968 /* Frameworks */ = {
			isa = PBXFrameworksBuildPhase;
			buildActionMask = 2147483647;
			files = (
			);
			runOnlyForDeploymentPostprocessing = 0;
		};
		7A8A26722D60297F00A23968 /* Frameworks */ = {
			isa = PBXFrameworksBuildPhase;
			buildActionMask = 2147483647;
			files = (
			);
			runOnlyForDeploymentPostprocessing = 0;
		};
/* End PBXFrameworksBuildPhase section */

/* Begin PBXGroup section */
		7A8A26512D60297E00A23968 = {
			isa = PBXGroup;
			children = (
				7A8A265C2D60297E00A23968 /* Starcar Transmitter */,
				7A8A266E2D60297F00A23968 /* Starcar TransmitterTests */,
				7A8A26782D60297F00A23968 /* Starcar TransmitterUITests */,
				7A8A265B2D60297E00A23968 /* Products */,
			);
			sourceTree = "<group>";
		};
		7A8A265B2D60297E00A23968 /* Products */ = {
			isa = PBXGroup;
			children = (
				7A8A265A2D60297E00A23968 /* Starcar Transmitter.app */,
				7A8A266B2D60297F00A23968 /* Starcar TransmitterTests.xctest */,
				7A8A26752D60297F00A23968 /* Starcar TransmitterUITests.xctest */,
			);
			name = Products;
			sourceTree = "<group>";
		};
		7A8A265C2D60297E00A23968 /* Starcar Transmitter */ = {
			isa = PBXGroup;
			children = (
				7A8A265D2D60297E00A23968 /* Starcar_TransmitterApp.swift */,
				7A8A265F2D60297E00A23968 /* ContentView.swift */,
				7A8A26612D60297F00A23968 /* Assets.xcassets */,
				7A8A26632D60297F00A23968 /* Starcar_Transmitter.entitlements */,
				7A8A26642D60297F00A23968 /* Preview Content */,
			);
			path = "Starcar Transmitter";
			sourceTree = "<group>";
		};
		7A8A26642D60297F00A23968 /* Preview Content */ = {
			isa = PBXGroup;
			children = (
				7A8A26652D60297F00A23968 /* Preview Assets.xcassets */,
			);
			path = "Preview Content";
			sourceTree = "<group>";
		};
		7A8A266E2D60297F00A23968 /* Starcar TransmitterTests */ = {
			isa = PBXGroup;
			children = (
				7A8A266F2D60297F00A23968 /* Starcar_TransmitterTests.swift */,
			);
			path = "Starcar TransmitterTests";
			sourceTree = "<group>";
		};
		7A8A26782D60297F00A23968 /* Starcar TransmitterUITests */ = {
			isa = PBXGroup;
			children = (
				7A8A26792D60297F00A23968 /* Starcar_TransmitterUITests.swift */,
				7A8A267B2D60297F00A23968 /* Starcar_TransmitterUITestsLaunchTests.swift */,
			);
			path = "Starcar TransmitterUITests";
			sourceTree = "<group>";
		};
/* End PBXGroup section */

/* Begin PBXNativeTarget section */
		7A8A26592D60297E00A23968 /* Starcar Transmitter */ = {
			isa = PBXNativeTarget;
			buildConfigurationList = 7A8A267F2D60297F00A23968 /* Build configuration list for PBXNativeTarget "Starcar Transmitter" */;
			buildPhases = (
				7A8A26562D60297E00A23968 /* Sources */,
				7A8A26572D60297E00A23968 /* Frameworks */,
				7A8A26582D60297E00A23968 /* Resources */,
			);
			buildRules = (
			);
			dependencies = (
			);
			name = "Starcar Transmitter";
			productName = "Starcar Transmitter";
			productReference = 7A8A265A2D60297E00A23968 /* Starcar Transmitter.app */;
			productType = "com.apple.product-type.application";
		};
		7A8A266A2D60297F00A23968 /* Starcar TransmitterTests */ = {
			isa = PBXNativeTarget;
			buildConfigurationList = 7A8A26822D60297F00A23968 /* Build configuration list for PBXNativeTarget "Starcar TransmitterTests" */;
			buildPhases = (
				7A8A26672D60297F00A23968 /* Sources */,
				7A8A26682D60297F00A23968 /* Frameworks */,
				7A8A26692D60297F00A23968 /* Resources */,
			);
			buildRules = (
			);
			dependencies = (
				7A8A266D2D60297F00A23968 /* PBXTargetDependency */,
			);
			name = "Starcar TransmitterTests";
			productName = "Starcar TransmitterTests";
			productReference = 7A8A266B2D60297F00A23968 /* Starcar TransmitterTests.xctest */;
			productType = "com.apple.product-type.bundle.unit-test";
		};
		7A8A26742D60297F00A23968 /* Starcar TransmitterUITests */ = {
			isa = PBXNativeTarget;
			buildConfigurationList = 7A8A26852D60297F00A23968 /* Build configuration list for PBXNativeTarget "Starcar TransmitterUITests" */;
			buildPhases = (
				7A8A26712D60297F00A23968 /* Sources */,
				7A8A26722D60297F00A23968 /* Frameworks */,
				7A8A26732D60297F00A23968 /* Resources */,
			);
			buildRules = (
			);
			dependencies = (
				7A8A26772D60297F00A23968 /* PBXTargetDependency */,
			);
			name = "Starcar TransmitterUITests";
			productName = "Starcar TransmitterUITests";
			productReference = 7A8A26752D60297F00A23968 /* Starcar TransmitterUITests.xctest */;
			productType = "com.apple.product-type.bundle.ui-testing";
		};
/* End PBXNativeTarget section */

/* Begin PBXProject section */
		7A8A26522D60297E00A23968 /* Project object */ = {
			isa = PBXProject;
			attributes = {
				BuildIndependentTargetsInParallel = 1;
				LastSwiftUpdateCheck = 1540;
				LastUpgradeCheck = 1540;
				TargetAttributes = {
					7A8A26592D60297E00A23968 = {
						CreatedOnToolsVersion = 15.4;
					};
					7A8A266A2D60297F00A23968 = {
						CreatedOnToolsVersion = 15.4;
						TestTargetID = 7A8A26592D60297E00A23968;
					};
					7A8A26742D60297F00A23968 = {
						CreatedOnToolsVersion = 15.4;
						TestTargetID = 7A8A26592D60297E00A23968;
					};
				};
			};
			buildConfigurationList = 7A8A26552D60297E00A23968 /* Build configuration list for PBXProject "Starcar Transmitter" */;
			compatibilityVersion = "Xcode 14.0";
			developmentRegion = en;
			hasScannedForEncodings = 0;
			knownRegions = (
				en,
				Base,
			);
			mainGroup = 7A8A26512D60297E00A23968;
			productRefGroup = 7A8A265B2D60297E00A23968 /* Products */;
			projectDirPath = "";
			projectRoot = "";
			targets = (
				7A8A26592D60297E00A23968 /* Starcar Transmitter */,
				7A8A266A2D60297F00A23968 /* Starcar TransmitterTests */,
				7A8A26742D60297F00A23968 /* Starcar TransmitterUITests */,
			);
		};
/* End PBXProject section */

/* Begin PBXResourcesBuildPhase section */
		7A8A26582D60297E00A23968 /* Resources */ = {
			isa = PBXResourcesBuildPhase;
			buildActionMask = 2147483647;
			files = (
				7A8A26662D60297F00A23968 /* Preview Assets.xcassets in Resources */,
				7A8A26622D60297F00A23968 /* Assets.xcassets in Resources */,
			);
			runOnlyForDeploymentPostprocessing = 0;
		};
		7A8A26692D60297F00A23968 /* Resources */ = {
			isa = PBXResourcesBuildPhase;
			buildActionMask = 2147483647;
			files = (
			);
			runOnlyForDeploymentPostprocessing = 0;
		};
		7A8A26732D60297F00A23968 /* Resources */ = {
			isa = PBXResourcesBuildPhase;
			buildActionMask = 2147483647;
			files = (
			);
			runOnlyForDeploymentPostprocessing = 0;
		};
/* End PBXResourcesBuildPhase section */

/* Begin PBXSourcesBuildPhase section */
		7A8A26562D60297E00A23968 /* Sources */ = {
			isa = PBXSourcesBuildPhase;
			buildActionMask = 2147483647;
			files = (
				7A8A26602D60297E00A23968 /* ContentView.swift in Sources */,
				7A8A265E2D60297E00A23968 /* Starcar_TransmitterApp.swift in Sources */,
			);
			runOnlyForDeploymentPostprocessing = 0;
		};
		7A8A26672D60297F00A23968 /* Sources */ = {
			isa = PBXSourcesBuildPhase;
			buildActionMask = 2147483647;
			files = (
				7A8A26702D60297F00A23968 /* Starcar_TransmitterTests.swift in Sources */,
			);
			runOnlyForDeploymentPostprocessing = 0;
		};
		7A8A26712D60297F00A23968 /* Sources */ = {
			isa = PBXSourcesBuildPhase;
			buildActionMask = 2147483647;
			files = (
				7A8A267A2D60297F00A23968 /* Starcar_TransmitterUITests.swift in Sources */,
				7A8A267C2D60297F00A23968 /* Starcar_TransmitterUITestsLaunchTests.swift in Sources */,
			);
			runOnlyForDeploymentPostprocessing = 0;
		};
/* End PBXSourcesBuildPhase section */

/* Begin PBXTargetDependency section */
		7A8A266D2D60297F00A23968 /* PBXTargetDependency */ = {
			isa = PBXTargetDependency;
			target = 7A8A26592D60297E00A23968 /* Starcar Transmitter */;
			targetProxy = 7A8A266C2D60297F00A23968 /* PBXContainerItemProxy */;
		};
		7A8A26772D60297F00A23968 /* PBXTargetDependency */ = {
			isa = PBXTargetDependency;
			target = 7A8A26592D60297E00A23968 /* Starcar Transmitter */;
			targetProxy = 7A8A26762D60297F00A23968 /* PBXContainerItemProxy */;
		};
/* End PBXTargetDependency section */

/* Begin XCBuildConfiguration section */
		7A8A267D2D60297F00A23968 /* Debug */ = {
			isa = XCBuildConfiguration;
			buildSettings = {
				ALWAYS_SEARCH_USER_PATHS = NO;
				ASSETCATALOG_COMPILER_GENERATE_SWIFT_ASSET_SYMBOL_EXTENSIONS = YES;
				CLANG_ANALYZER_NONNULL = YES;
				CLANG_ANALYZER_NUMBER_OBJECT_CONVERSION = YES_AGGRESSIVE;
				CLANG_CXX_LANGUAGE_STANDARD = "gnu++20";
				CLANG_ENABLE_MODULES = YES;
				CLANG_ENABLE_OBJC_ARC = YES;
				CLANG_ENABLE_OBJC_WEAK = YES;
				CLANG_WARN_BLOCK_CAPTURE_AUTORELEASING = YES;
				CLANG_WARN_BOOL_CONVERSION = YES;
				CLANG_WARN_COMMA = YES;
				CLANG_WARN_CONSTANT_CONVERSION = YES;
				CLANG_WARN_DEPRECATED_OBJC_IMPLEMENTATIONS = YES;
				CLANG_WARN_DIRECT_OBJC_ISA_USAGE = YES_ERROR;
				CLANG_WARN_DOCUMENTATION_COMMENTS = YES;
				CLANG_WARN_EMPTY_BODY = YES;
				CLANG_WARN_ENUM_CONVERSION = YES;
				CLANG_WARN_INFINITE_RECURSION = YES;
				CLANG_WARN_INT_CONVERSION = YES;
				CLANG_WARN_NON_LITERAL_NULL_CONVERSION = YES;
				CLANG_WARN_OBJC_IMPLICIT_RETAIN_SELF = YES;
				CLANG_WARN_OBJC_LITERAL_CONVERSION = YES;
				CLANG_WARN_OBJC_ROOT_CLASS = YES_ERROR;
				CLANG_WARN_QUOTED_INCLUDE_IN_FRAMEWORK_HEADER = YES;
				CLANG_WARN_RANGE_LOOP_ANALYSIS = YES;
				CLANG_WARN_STRICT_PROTOTYPES = YES;
				CLANG_WARN_SUSPICIOUS_MOVE = YES;
				CLANG_WARN_UNGUARDED_AVAILABILITY = YES_AGGRESSIVE;
				CLANG_WARN_UNREACHABLE_CODE = YES;
				CLANG_WARN__DUPLICATE_METHOD_MATCH = YES;
				COPY_PHASE_STRIP = NO;
				DEBUG_INFORMATION_FORMAT = dwarf;
				ENABLE_STRICT_OBJC_MSGSEND = YES;
				ENABLE_TESTABILITY = YES;
				ENABLE_USER_SCRIPT_SANDBOXING = YES;
				GCC_C_LANGUAGE_STANDARD = gnu17;
				GCC_DYNAMIC_NO_PIC = NO;
				GCC_NO_COMMON_BLOCKS = YES;
				GCC_OPTIMIZATION_LEVEL = 0;
				GCC_PREPROCESSOR_DEFINITIONS = (
					"DEBUG=1",
					"$(inherited)",
				);
				GCC_WARN_64_TO_32_BIT_CONVERSION = YES;
				GCC_WARN_ABOUT_RETURN_TYPE = YES_ERROR;
				GCC_WARN_UNDECLARED_SELECTOR = YES;
				GCC_WARN_UNINITIALIZED_AUTOS = YES_AGGRESSIVE;
				GCC_WARN_UNUSED_FUNCTION = YES;
				GCC_WARN_UNUSED_VARIABLE = YES;
				LOCALIZATION_PREFERS_STRING_CATALOGS = YES;
				MTL_ENABLE_DEBUG_INFO = INCLUDE_SOURCE;
				MTL_FAST_MATH = YES;
				ONLY_ACTIVE_ARCH = YES;
				SWIFT_ACTIVE_COMPILATION_CONDITIONS = "DEBUG $(inherited)";
				SWIFT_OPTIMIZATION_LEVEL = "-Onone";
			};
			name = Debug;
		};
		7A8A267E2D60297F00A23968 /* Release */ = {
			isa = XCBuildConfiguration;
			buildSettings = {
				ALWAYS_SEARCH_USER_PATHS = NO;
				ASSETCATALOG_COMPILER_GENERATE_SWIFT_ASSET_SYMBOL_EXTENSIONS = YES;
				CLANG_ANALYZER_NONNULL = YES;
				CLANG_ANALYZER_NUMBER_OBJECT_CONVERSION = YES_AGGRESSIVE;
				CLANG_CXX_LANGUAGE_STANDARD = "gnu++20";
				CLANG_ENABLE_MODULES = YES;
				CLANG_ENABLE_OBJC_ARC = YES;
				CLANG_ENABLE_OBJC_WEAK = YES;
				CLANG_WARN_BLOCK_CAPTURE_AUTORELEASING = YES;
				CLANG_WARN_BOOL_CONVERSION = YES;
				CLANG_WARN_COMMA = YES;
				CLANG_WARN_CONSTANT_CONVERSION = YES;
				CLANG_WARN_DEPRECATED_OBJC_IMPLEMENTATIONS = YES;
				CLANG_WARN_DIRECT_OBJC_ISA_USAGE = YES_ERROR;
				CLANG_WARN_DOCUMENTATION_COMMENTS = YES;
				CLANG_WARN_EMPTY_BODY = YES;
				CLANG_WARN_ENUM_CONVERSION = YES;
				CLANG_WARN_INFINITE_RECURSION = YES;
				CLANG_WARN_INT_CONVERSION = YES;
				CLANG_WARN_NON_LITERAL_NULL_CONVERSION = YES;
				CLANG_WARN_OBJC_IMPLICIT_RETAIN_SELF = YES;
				CLANG_WARN_OBJC_LITERAL_CONVERSION = YES;
				CLANG_WARN_OBJC_ROOT_CLASS = YES_ERROR;
				CLANG_WARN_QUOTED_INCLUDE_IN_FRAMEWORK_HEADER = YES;
				CLANG_WARN_RANGE_LOOP_ANALYSIS = YES;
				CLANG_WARN_STRICT_PROTOTYPES = YES;
				CLANG_WARN_SUSPICIOUS_MOVE = YES;
				CLANG_WARN_UNGUARDED_AVAILABILITY = YES_AGGRESSIVE;
				CLANG_WARN_UNREACHABLE_CODE = YES;
				CLANG_WARN__DUPLICATE_METHOD_MATCH = YES;
				COPY_PHASE_STRIP = NO;
				DEBUG_INFORMATION_FORMAT = "dwarf-with-dsym";
				ENABLE_NS_ASSERTIONS = NO;
				ENABLE_STRICT_OBJC_MSGSEND = YES;
				ENABLE_USER_SCRIPT_SANDBOXING = YES;
				GCC_C_LANGUAGE_STANDARD = gnu17;
				GCC_NO_COMMON_BLOCKS = YES;
				GCC_WARN_64_TO_32_BIT_CONVERSION = YES;
				GCC_WARN_ABOUT_RETURN_TYPE = YES_ERROR;
				GCC_WARN_UNDECLARED_SELECTOR = YES;
				GCC_WARN_UNINITIALIZED_AUTOS = YES_AGGRESSIVE;
				GCC_WARN_UNUSED_FUNCTION = YES;
				GCC_WARN_UNUSED_VARIABLE = YES;
				LOCALIZATION_PREFERS_STRING_CATALOGS = YES;
				MTL_ENABLE_DEBUG_INFO = NO;
				MTL_FAST_MATH = YES;
				SWIFT_COMPILATION_MODE = wholemodule;
			};
			name = Release;
		};
		7A8A26802D60297F00A23968 /* Debug */ = {
			isa = XCBuildConfiguration;
			buildSettings = {
				ASSETCATALOG_COMPILER_APPICON_NAME = AppIcon;
				ASSETCATALOG_COMPILER_GLOBAL_ACCENT_COLOR_NAME = AccentColor;
				CODE_SIGN_ENTITLEMENTS = "Starcar Transmitter/Starcar_Transmitter.entitlements";
				CODE_SIGN_STYLE = Automatic;
				CURRENT_PROJECT_VERSION = 1;
				DEVELOPMENT_ASSET_PATHS = "\"Starcar Transmitter/Preview Content\"";
				DEVELOPMENT_TEAM = KNF4DAHAGG;
				ENABLE_HARDENED_RUNTIME = YES;
				ENABLE_PREVIEWS = YES;
				GENERATE_INFOPLIST_FILE = YES;
				"INFOPLIST_KEY_UIApplicationSceneManifest_Generation[sdk=iphoneos*]" = YES;
				"INFOPLIST_KEY_UIApplicationSceneManifest_Generation[sdk=iphonesimulator*]" = YES;
				"INFOPLIST_KEY_UIApplicationSupportsIndirectInputEvents[sdk=iphoneos*]" = YES;
				"INFOPLIST_KEY_UIApplicationSupportsIndirectInputEvents[sdk=iphonesimulator*]" = YES;
				"INFOPLIST_KEY_UILaunchScreen_Generation[sdk=iphoneos*]" = YES;
				"INFOPLIST_KEY_UILaunchScreen_Generation[sdk=iphonesimulator*]" = YES;
				"INFOPLIST_KEY_UIStatusBarStyle[sdk=iphoneos*]" = UIStatusBarStyleDefault;
				"INFOPLIST_KEY_UIStatusBarStyle[sdk=iphonesimulator*]" = UIStatusBarStyleDefault;
				INFOPLIST_KEY_UISupportedInterfaceOrientations_iPad = "UIInterfaceOrientationPortrait UIInterfaceOrientationPortraitUpsideDown UIInterfaceOrientationLandscapeLeft UIInterfaceOrientationLandscapeRight";
				INFOPLIST_KEY_UISupportedInterfaceOrientations_iPhone = "UIInterfaceOrientationPortrait UIInterfaceOrientationLandscapeLeft UIInterfaceOrientationLandscapeRight";
				IPHONEOS_DEPLOYMENT_TARGET = 17.5;
				LD_RUNPATH_SEARCH_PATHS = "@executable_path/Frameworks";
				"LD_RUNPATH_SEARCH_PATHS[sdk=macosx*]" = "@executable_path/../Frameworks";
				MACOSX_DEPLOYMENT_TARGET = 14.5;
				MARKETING_VERSION = 1.0;
				PRODUCT_BUNDLE_IDENTIFIER = "com.pateichler.Starcar-Transmitter";
				PRODUCT_NAME = "$(TARGET_NAME)";
				SDKROOT = auto;
				SUPPORTED_PLATFORMS = "iphoneos iphonesimulator macosx";
				SWIFT_EMIT_LOC_STRINGS = YES;
				SWIFT_VERSION = 5.0;
				TARGETED_DEVICE_FAMILY = "1,2";
			};
			name = Debug;
		};
		7A8A26812D60297F00A23968 /* Release */ = {
			isa = XCBuildConfiguration;
			buildSettings = {
				ASSETCATALOG_COMPILER_APPICON_NAME = AppIcon;
				ASSETCATALOG_COMPILER_GLOBAL_ACCENT_COLOR_NAME = AccentColor;
				CODE_SIGN_ENTITLEMENTS = "Starcar Transmitter/Starcar_Transmitter.entitlements";
				CODE_SIGN_STYLE = Automatic;
				CURRENT_PROJECT_VERSION = 1;
				DEVELOPMENT_ASSET_PATHS = "\"Starcar Transmitter/Preview Content\"";
				DEVELOPMENT_TEAM = KNF4DAHAGG;
				ENABLE_HARDENED_RUNTIME = YES;
				ENABLE_PREVIEWS = YES;
				GENERATE_INFOPLIST_FILE = YES;
				"INFOPLIST_KEY_UIApplicationSceneManifest_Generation[sdk=iphoneos*]" = YES;
				"INFOPLIST_KEY_UIApplicationSceneManifest_Generation[sdk=iphonesimulator*]" = YES;
				"INFOPLIST_KEY_UIApplicationSupportsIndirectInputEvents[sdk=iphoneos*]" = YES;
				"INFOPLIST_KEY_UIApplicationSupportsIndirectInputEvents[sdk=iphonesimulator*]" = YES;
				"INFOPLIST_KEY_UILaunchScreen_Generation[sdk=iphoneos*]" = YES;
				"INFOPLIST_KEY_UILaunchScreen_Generation[sdk=iphonesimulator*]" = YES;
				"INFOPLIST_KEY_UIStatusBarStyle[sdk=iphoneos*]" = UIStatusBarStyleDefault;
				"INFOPLIST_KEY_UIStatusBarStyle[sdk=iphonesimulator*]" = UIStatusBarStyleDefault;
				INFOPLIST_KEY_UISupportedInterfaceOrientations_iPad = "UIInterfaceOrientationPortrait UIInterfaceOrientationPortraitUpsideDown UIInterfaceOrientationLandscapeLeft UIInterfaceOrientationLandscapeRight";
				INFOPLIST_KEY_UISupportedInterfaceOrientations_iPhone = "UIInterfaceOrientationPortrait UIInterfaceOrientationLandscapeLeft UIInterfaceOrientationLandscapeRight";
				IPHONEOS_DEPLOYMENT_TARGET = 17.5;
				LD_RUNPATH_SEARCH_PATHS = "@executable_path/Frameworks";
				"LD_RUNPATH_SEARCH_PATHS[sdk=macosx*]" = "@executable_path/../Frameworks";
				MACOSX_DEPLOYMENT_TARGET = 14.5;
				MARKETING_VERSION = 1.0;
				PRODUCT_BUNDLE_IDENTIFIER = "com.pateichler.Starcar-Transmitter";
				PRODUCT_NAME = "$(TARGET_NAME)";
				SDKROOT = auto;
				SUPPORTED_PLATFORMS = "iphoneos iphonesimulator macosx";
				SWIFT_EMIT_LOC_STRINGS = YES;
				SWIFT_VERSION = 5.0;
				TARGETED_DEVICE_FAMILY = "1,2";
			};
			name = Release;
		};
		7A8A26832D60297F00A23968 /* Debug */ = {
			isa = XCBuildConfiguration;
			buildSettings = {
				ALWAYS_EMBED_SWIFT_STANDARD_LIBRARIES = YES;
				BUNDLE_LOADER = "$(TEST_HOST)";
				CODE_SIGN_STYLE = Automatic;
				CURRENT_PROJECT_VERSION = 1;
				DEVELOPMENT_TEAM = KNF4DAHAGG;
				GENERATE_INFOPLIST_FILE = YES;
				IPHONEOS_DEPLOYMENT_TARGET = 17.5;
				MACOSX_DEPLOYMENT_TARGET = 14.5;
				MARKETING_VERSION = 1.0;
				PRODUCT_BUNDLE_IDENTIFIER = "com.pateichler.Starcar-TransmitterTests";
				PRODUCT_NAME = "$(TARGET_NAME)";
				SDKROOT = auto;
				SUPPORTED_PLATFORMS = "iphoneos iphonesimulator macosx";
				SWIFT_EMIT_LOC_STRINGS = NO;
				SWIFT_VERSION = 5.0;
				TARGETED_DEVICE_FAMILY = "1,2";
				TEST_HOST = "$(BUILT_PRODUCTS_DIR)/Starcar Transmitter.app/$(BUNDLE_EXECUTABLE_FOLDER_PATH)/Starcar Transmitter";
			};
			name = Debug;
		};
		7A8A26842D60297F00A23968 /* Release */ = {
			isa = XCBuildConfiguration;
			buildSettings = {
				ALWAYS_EMBED_SWIFT_STANDARD_LIBRARIES = YES;
				BUNDLE_LOADER = "$(TEST_HOST)";
				CODE_SIGN_STYLE = Automatic;
				CURRENT_PROJECT_VERSION = 1;
				DEVELOPMENT_TEAM = KNF4DAHAGG;
				GENERATE_INFOPLIST_FILE = YES;
				IPHONEOS_DEPLOYMENT_TARGET = 17.5;
				MACOSX_DEPLOYMENT_TARGET = 14.5;
				MARKETING_VERSION = 1.0;
				PRODUCT_BUNDLE_IDENTIFIER = "com.pateichler.Starcar-TransmitterTests";
				PRODUCT_NAME = "$(TARGET_NAME)";
				SDKROOT = auto;
				SUPPORTED_PLATFORMS = "iphoneos iphonesimulator macosx";
				SWIFT_EMIT_LOC_STRINGS = NO;
				SWIFT_VERSION = 5.0;
				TARGETED_DEVICE_FAMILY = "1,2";
				TEST_HOST = "$(BUILT_PRODUCTS_DIR)/Starcar Transmitter.app/$(BUNDLE_EXECUTABLE_FOLDER_PATH)/Starcar Transmitter";
			};
			name = Release;
		};
		7A8A26862D60297F00A23968 /* Debug */ = {
			isa = XCBuildConfiguration;
			buildSettings = {
				ALWAYS_EMBED_SWIFT_STANDARD_LIBRARIES = YES;
				CODE_SIGN_STYLE = Automatic;
				CURRENT_PROJECT_VERSION = 1;
				DEVELOPMENT_TEAM = KNF4DAHAGG;
				GENERATE_INFOPLIST_FILE = YES;
				IPHONEOS_DEPLOYMENT_TARGET = 17.5;
				MACOSX_DEPLOYMENT_TARGET = 14.5;
				MARKETING_VERSION = 1.0;
				PRODUCT_BUNDLE_IDENTIFIER = "com.pateichler.Starcar-TransmitterUITests";
				PRODUCT_NAME = "$(TARGET_NAME)";
				SDKROOT = auto;
				SUPPORTED_PLATFORMS = "iphoneos iphonesimulator macosx";
				SWIFT_EMIT_LOC_STRINGS = NO;
				SWIFT_VERSION = 5.0;
				TARGETED_DEVICE_FAMILY = "1,2";
				TEST_TARGET_NAME = "Starcar Transmitter";
			};
			name = Debug;
		};
		7A8A26872D60297F00A23968 /* Release */ = {
			isa = XCBuildConfiguration;
			buildSettings = {
				ALWAYS_EMBED_SWIFT_STANDARD_LIBRARIES = YES;
				CODE_SIGN_STYLE = Automatic;
				CURRENT_PROJECT_VERSION = 1;
				DEVELOPMENT_TEAM = KNF4DAHAGG;
				GENERATE_INFOPLIST_FILE = YES;
				IPHONEOS_DEPLOYMENT_TARGET = 17.5;
				MACOSX_DEPLOYMENT_TARGET = 14.5;
				MARKETING_VERSION = 1.0;
				PRODUCT_BUNDLE_IDENTIFIER = "com.pateichler.Starcar-TransmitterUITests";
				PRODUCT_NAME = "$(TARGET_NAME)";
				SDKROOT = auto;
				SUPPORTED_PLATFORMS = "iphoneos iphonesimulator macosx";
				SWIFT_EMIT_LOC_STRINGS = NO;
				SWIFT_VERSION = 5.0;
				TARGETED_DEVICE_FAMILY = "1,2";
				TEST_TARGET_NAME = "Starcar Transmitter";
			};
			name = Release;
		};
/* End XCBuildConfiguration section */

/* Begin XCConfigurationList section */
		7A8A26552D60297E00A23968 /* Build configuration list for PBXProject "Starcar Transmitter" */ = {
			isa = XCConfigurationList;
			buildConfigurations = (
				7A8A267D2D60297F00A23968 /* Debug */,
				7A8A267E2D60297F00A23968 /* Release */,
			);
			defaultConfigurationIsVisible = 0;
			defaultConfigurationName = Release;
		};
		7A8A267F2D60297F00A23968 /* Build configuration list for PBXNativeTarget "Starcar Transmitter" */ = {
			isa = XCConfigurationList;
			buildConfigurations = (
				7A8A26802D60297F00A23968 /* Debug */,
				7A8A26812D60297F00A23968 /* Release */,
			);
			defaultConfigurationIsVisible = 0;
			defaultConfigurationName = Release;
		};
		7A8A26822D60297F00A23968 /* Build configuration list for PBXNativeTarget "Starcar TransmitterTests" */ = {
			isa = XCConfigurationList;
			buildConfigurations = (
				7A8A26832D60297F00A23968 /* Debug */,
				7A8A26842D60297F00A23968 /* Release */,
			);
			defaultConfigurationIsVisible = 0;
			defaultConfigurationName = Release;
		};
		7A8A26852D60297F00A23968 /* Build configuration list for PBXNativeTarget "Starcar TransmitterUITests" */ = {
			isa = XCConfigurationList;
			buildConfigurations = (
				7A8A26862D60297F00A23968 /* Debug */,
				7A8A26872D60297F00A23968 /* Release */,
			);
			defaultConfigurationIsVisible = 0;
			defaultConfigurationName = Release;
		};
/* End XCConfigurationList section */
	};
	rootObject = 7A8A26522D60297E00A23968 /* Project object */;
}
